
Microsoft Visual Studio Solution File, Format Version 12.00
# Visual Studio 15
VisualStudioVersion = 15.0.27703.2042
MinimumVisualStudioVersion = 10.0.40219.1
Project("{FAE04EC0-301F-11D3-BF4B-00C04F79EFBC}") = "Kiosk_V2.Android", "Kiosk_V2\Kiosk_V2.Android\Kiosk_V2.Android.csproj", "{E18B6B72-8FF2-4FB3-9654-9D9B0D2E7101}"
EndProject
Project("{FAE04EC0-301F-11D3-BF4B-00C04F79EFBC}") = "Kiosk_V2.iOS", "Kiosk_V2\Kiosk_V2.iOS\Kiosk_V2.iOS.csproj", "{868874D8-88F1-4144-913E-20DBBBF9DF11}"
EndProject
Project("{FAE04EC0-301F-11D3-BF4B-00C04F79EFBC}") = "Kiosk_V2", "Kiosk_V2\Kiosk_V2\Kiosk_V2.csproj", "{81AEE04D-4983-49F5-9557-202297F8859A}"
EndProject
Global
	GlobalSection(SolutionConfigurationPlatforms) = preSolution
		Ad-Hoc|Any CPU = Ad-Hoc|Any CPU
		Ad-Hoc|iPhone = Ad-Hoc|iPhone
		Ad-Hoc|iPhoneSimulator = Ad-Hoc|iPhoneSimulator
		AppStore|Any CPU = AppStore|Any CPU
		AppStore|iPhone = AppStore|iPhone
		AppStore|iPhoneSimulator = AppStore|iPhoneSimulator
		Debug|Any CPU = Debug|Any CPU
		Debug|iPhone = Debug|iPhone
		Debug|iPhoneSimulator = Debug|iPhoneSimulator
		Release|Any CPU = Release|Any CPU
		Release|iPhone = Release|iPhone
		Release|iPhoneSimulator = Release|iPhoneSimulator
	EndGlobalSection
	GlobalSection(ProjectConfigurationPlatforms) = postSolution
		{E18B6B72-8FF2-4FB3-9654-9D9B0D2E7101}.Ad-Hoc|Any CPU.ActiveCfg = Release|Any CPU
		{E18B6B72-8FF2-4FB3-9654-9D9B0D2E7101}.Ad-Hoc|Any CPU.Build.0 = Release|Any CPU
		{E18B6B72-8FF2-4FB3-9654-9D9B0D2E7101}.Ad-Hoc|Any CPU.Deploy.0 = Release|Any CPU
		{E18B6B72-8FF2-4FB3-9654-9D9B0D2E7101}.Ad-Hoc|iPhone.ActiveCfg = Release|Any CPU
		{E18B6B72-8FF2-4FB3-9654-9D9B0D2E7101}.Ad-Hoc|iPhone.Build.0 = Release|Any CPU
		{E18B6B72-8FF2-4FB3-9654-9D9B0D2E7101}.Ad-Hoc|iPhone.Deploy.0 = Release|Any CPU
		{E18B6B72-8FF2-4FB3-9654-9D9B0D2E7101}.Ad-Hoc|iPhoneSimulator.ActiveCfg = Release|Any CPU
		{E18B6B72-8FF2-4FB3-9654-9D9B0D2E7101}.Ad-Hoc|iPhoneSimulator.Build.0 = Release|Any CPU
		{E18B6B72-8FF2-4FB3-9654-9D9B0D2E7101}.Ad-Hoc|iPhoneSimulator.Deploy.0 = Release|Any CPU
		{E18B6B72-8FF2-4FB3-9654-9D9B0D2E7101}.AppStore|Any CPU.ActiveCfg = Release|Any CPU
		{E18B6B72-8FF2-4FB3-9654-9D9B0D2E7101}.AppStore|Any CPU.Build.0 = Release|Any CPU
		{E18B6B72-8FF2-4FB3-9654-9D9B0D2E7101}.AppStore|Any CPU.Deploy.0 = Release|Any CPU
		{E18B6B72-8FF2-4FB3-9654-9D9B0D2E7101}.AppStore|iPhone.ActiveCfg = Release|Any CPU
		{E18B6B72-8FF2-4FB3-9654-9D9B0D2E7101}.AppStore|iPhone.Build.0 = Release|Any CPU
		{E18B6B72-8FF2-4FB3-9654-9D9B0D2E7101}.AppStore|iPhone.Deploy.0 = Release|Any CPU
		{E18B6B72-8FF2-4FB3-9654-9D9B0D2E7101}.AppStore|iPhoneSimulator.ActiveCfg = Release|Any CPU
		{E18B6B72-8FF2-4FB3-9654-9D9B0D2E7101}.AppStore|iPhoneSimulator.Build.0 = Release|Any CPU
		{E18B6B72-8FF2-4FB3-9654-9D9B0D2E7101}.AppStore|iPhoneSimulator.Deploy.0 = Release|Any CPU
		{E18B6B72-8FF2-4FB3-9654-9D9B0D2E7101}.Debug|Any CPU.ActiveCfg = Debug|Any CPU
		{E18B6B72-8FF2-4FB3-9654-9D9B0D2E7101}.Debug|Any CPU.Build.0 = Debug|Any CPU
		{E18B6B72-8FF2-4FB3-9654-9D9B0D2E7101}.Debug|Any CPU.Deploy.0 = Debug|Any CPU
		{E18B6B72-8FF2-4FB3-9654-9D9B0D2E7101}.Debug|iPhone.ActiveCfg = Debug|Any CPU
		{E18B6B72-8FF2-4FB3-9654-9D9B0D2E7101}.Debug|iPhone.Build.0 = Debug|Any CPU
		{E18B6B72-8FF2-4FB3-9654-9D9B0D2E7101}.Debug|iPhone.Deploy.0 = Debug|Any CPU
		{E18B6B72-8FF2-4FB3-9654-9D9B0D2E7101}.Debug|iPhoneSimulator.ActiveCfg = Debug|Any CPU
		{E18B6B72-8FF2-4FB3-9654-9D9B0D2E7101}.Debug|iPhoneSimulator.Build.0 = Debug|Any CPU
		{E18B6B72-8FF2-4FB3-9654-9D9B0D2E7101}.Debug|iPhoneSimulator.Deploy.0 = Debug|Any CPU
		{E18B6B72-8FF2-4FB3-9654-9D9B0D2E7101}.Release|Any CPU.ActiveCfg = Release|Any CPU
		{E18B6B72-8FF2-4FB3-9654-9D9B0D2E7101}.Release|Any CPU.Build.0 = Release|Any CPU
		{E18B6B72-8FF2-4FB3-9654-9D9B0D2E7101}.Release|Any CPU.Deploy.0 = Release|Any CPU
		{E18B6B72-8FF2-4FB3-9654-9D9B0D2E7101}.Release|iPhone.ActiveCfg = Release|Any CPU
		{E18B6B72-8FF2-4FB3-9654-9D9B0D2E7101}.Release|iPhone.Build.0 = Release|Any CPU
		{E18B6B72-8FF2-4FB3-9654-9D9B0D2E7101}.Release|iPhone.Deploy.0 = Release|Any CPU
		{E18B6B72-8FF2-4FB3-9654-9D9B0D2E7101}.Release|iPhoneSimulator.ActiveCfg = Release|Any CPU
		{E18B6B72-8FF2-4FB3-9654-9D9B0D2E7101}.Release|iPhoneSimulator.Build.0 = Release|Any CPU
		{E18B6B72-8FF2-4FB3-9654-9D9B0D2E7101}.Release|iPhoneSimulator.Deploy.0 = Release|Any CPU
		{868874D8-88F1-4144-913E-20DBBBF9DF11}.Ad-Hoc|Any CPU.ActiveCfg = Ad-Hoc|iPhone
		{868874D8-88F1-4144-913E-20DBBBF9DF11}.Ad-Hoc|Any CPU.Build.0 = Ad-Hoc|iPhone
		{868874D8-88F1-4144-913E-20DBBBF9DF11}.Ad-Hoc|Any CPU.Deploy.0 = Ad-Hoc|iPhone
		{868874D8-88F1-4144-913E-20DBBBF9DF11}.Ad-Hoc|iPhone.ActiveCfg = Ad-Hoc|iPhone
		{868874D8-88F1-4144-913E-20DBBBF9DF11}.Ad-Hoc|iPhone.Build.0 = Ad-Hoc|iPhone
		{868874D8-88F1-4144-913E-20DBBBF9DF11}.Ad-Hoc|iPhone.Deploy.0 = Ad-Hoc|iPhone
		{868874D8-88F1-4144-913E-20DBBBF9DF11}.Ad-Hoc|iPhoneSimulator.ActiveCfg = Ad-Hoc|iPhoneSimulator
		{868874D8-88F1-4144-913E-20DBBBF9DF11}.Ad-Hoc|iPhoneSimulator.Build.0 = Ad-Hoc|iPhoneSimulator
		{868874D8-88F1-4144-913E-20DBBBF9DF11}.Ad-Hoc|iPhoneSimulator.Deploy.0 = Ad-Hoc|iPhoneSimulator
		{868874D8-88F1-4144-913E-20DBBBF9DF11}.AppStore|Any CPU.ActiveCfg = AppStore|iPhone
		{868874D8-88F1-4144-913E-20DBBBF9DF11}.AppStore|Any CPU.Build.0 = AppStore|iPhone
		{868874D8-88F1-4144-913E-20DBBBF9DF11}.AppStore|Any CPU.Deploy.0 = AppStore|iPhone
		{868874D8-88F1-4144-913E-20DBBBF9DF11}.AppStore|iPhone.ActiveCfg = AppStore|iPhone
		{868874D8-88F1-4144-913E-20DBBBF9DF11}.AppStore|iPhone.Build.0 = AppStore|iPhone
		{868874D8-88F1-4144-913E-20DBBBF9DF11}.AppStore|iPhone.Deploy.0 = AppStore|iPhone
		{868874D8-88F1-4144-913E-20DBBBF9DF11}.AppStore|iPhoneSimulator.ActiveCfg = AppStore|iPhoneSimulator
		{868874D8-88F1-4144-913E-20DBBBF9DF11}.AppStore|iPhoneSimulator.Build.0 = AppStore|iPhoneSimulator
		{868874D8-88F1-4144-913E-20DBBBF9DF11}.AppStore|iPhoneSimulator.Deploy.0 = AppStore|iPhoneSimulator
		{868874D8-88F1-4144-913E-20DBBBF9DF11}.Debug|Any CPU.ActiveCfg = Debug|iPhoneSimulator
		{868874D8-88F1-4144-913E-20DBBBF9DF11}.Debug|Any CPU.Build.0 = Debug|iPhoneSimulator
		{868874D8-88F1-4144-913E-20DBBBF9DF11}.Debug|Any CPU.Deploy.0 = Debug|iPhoneSimulator
		{868874D8-88F1-4144-913E-20DBBBF9DF11}.Debug|iPhone.ActiveCfg = Debug|iPhone
		{868874D8-88F1-4144-913E-20DBBBF9DF11}.Debug|iPhone.Build.0 = Debug|iPhone
		{868874D8-88F1-4144-913E-20DBBBF9DF11}.Debug|iPhone.Deploy.0 = Debug|iPhone
		{868874D8-88F1-4144-913E-20DBBBF9DF11}.Debug|iPhoneSimulator.ActiveCfg = Debug|iPhoneSimulator
		{868874D8-88F1-4144-913E-20DBBBF9DF11}.Debug|iPhoneSimulator.Build.0 = Debug|iPhoneSimulator
		{868874D8-88F1-4144-913E-20DBBBF9DF11}.Debug|iPhoneSimulator.Deploy.0 = Debug|iPhoneSimulator
		{868874D8-88F1-4144-913E-20DBBBF9DF11}.Release|Any CPU.ActiveCfg = Release|iPhone
		{868874D8-88F1-4144-913E-20DBBBF9DF11}.Release|Any CPU.Build.0 = Release|iPhone
		{868874D8-88F1-4144-913E-20DBBBF9DF11}.Release|Any CPU.Deploy.0 = Release|iPhone
		{868874D8-88F1-4144-913E-20DBBBF9DF11}.Release|iPhone.ActiveCfg = Release|iPhone
		{868874D8-88F1-4144-913E-20DBBBF9DF11}.Release|iPhone.Build.0 = Release|iPhone
		{868874D8-88F1-4144-913E-20DBBBF9DF11}.Release|iPhone.Deploy.0 = Release|iPhone
		{868874D8-88F1-4144-913E-20DBBBF9DF11}.Release|iPhoneSimulator.ActiveCfg = Release|iPhoneSimulator
		{868874D8-88F1-4144-913E-20DBBBF9DF11}.Release|iPhoneSimulator.Build.0 = Release|iPhoneSimulator
		{868874D8-88F1-4144-913E-20DBBBF9DF11}.Release|iPhoneSimulator.Deploy.0 = Release|iPhoneSimulator
		{81AEE04D-4983-49F5-9557-202297F8859A}.Ad-Hoc|Any CPU.ActiveCfg = Debug|Any CPU
		{81AEE04D-4983-49F5-9557-202297F8859A}.Ad-Hoc|Any CPU.Build.0 = Debug|Any CPU
		{81AEE04D-4983-49F5-9557-202297F8859A}.Ad-Hoc|Any CPU.Deploy.0 = Debug|Any CPU
		{81AEE04D-4983-49F5-9557-202297F8859A}.Ad-Hoc|iPhone.ActiveCfg = Debug|Any CPU
		{81AEE04D-4983-49F5-9557-202297F8859A}.Ad-Hoc|iPhone.Build.0 = Debug|Any CPU
		{81AEE04D-4983-49F5-9557-202297F8859A}.Ad-Hoc|iPhone.Deploy.0 = Debug|Any CPU
		{81AEE04D-4983-49F5-9557-202297F8859A}.Ad-Hoc|iPhoneSimulator.ActiveCfg = Debug|Any CPU
		{81AEE04D-4983-49F5-9557-202297F8859A}.Ad-Hoc|iPhoneSimulator.Build.0 = Debug|Any CPU
		{81AEE04D-4983-49F5-9557-202297F8859A}.Ad-Hoc|iPhoneSimulator.Deploy.0 = Debug|Any CPU
		{81AEE04D-4983-49F5-9557-202297F8859A}.AppStore|Any CPU.ActiveCfg = Debug|Any CPU
		{81AEE04D-4983-49F5-9557-202297F8859A}.AppStore|Any CPU.Build.0 = Debug|Any CPU
		{81AEE04D-4983-49F5-9557-202297F8859A}.AppStore|Any CPU.Deploy.0 = Debug|Any CPU
		{81AEE04D-4983-49F5-9557-202297F8859A}.AppStore|iPhone.ActiveCfg = Debug|Any CPU
		{81AEE04D-4983-49F5-9557-202297F8859A}.AppStore|iPhone.Build.0 = Debug|Any CPU
		{81AEE04D-4983-49F5-9557-202297F8859A}.AppStore|iPhone.Deploy.0 = Debug|Any CPU
		{81AEE04D-4983-49F5-9557-202297F8859A}.AppStore|iPhoneSimulator.ActiveCfg = Debug|Any CPU
		{81AEE04D-4983-49F5-9557-202297F8859A}.AppStore|iPhoneSimulator.Build.0 = Debug|Any CPU
		{81AEE04D-4983-49F5-9557-202297F8859A}.AppStore|iPhoneSimulator.Deploy.0 = Debug|Any CPU
		{81AEE04D-4983-49F5-9557-202297F8859A}.Debug|Any CPU.ActiveCfg = Debug|Any CPU
		{81AEE04D-4983-49F5-9557-202297F8859A}.Debug|Any CPU.Build.0 = Debug|Any CPU
		{81AEE04D-4983-49F5-9557-202297F8859A}.Debug|Any CPU.Deploy.0 = Debug|Any CPU
		{81AEE04D-4983-49F5-9557-202297F8859A}.Debug|iPhone.ActiveCfg = Debug|Any CPU
		{81AEE04D-4983-49F5-9557-202297F8859A}.Debug|iPhone.Build.0 = Debug|Any CPU
		{81AEE04D-4983-49F5-9557-202297F8859A}.Debug|iPhone.Deploy.0 = Debug|Any CPU
		{81AEE04D-4983-49F5-9557-202297F8859A}.Debug|iPhoneSimulator.ActiveCfg = Debug|Any CPU
		{81AEE04D-4983-49F5-9557-202297F8859A}.Debug|iPhoneSimulator.Build.0 = Debug|Any CPU
		{81AEE04D-4983-49F5-9557-202297F8859A}.Debug|iPhoneSimulator.Deploy.0 = Debug|Any CPU
		{81AEE04D-4983-49F5-9557-202297F8859A}.Release|Any CPU.ActiveCfg = Release|Any CPU
		{81AEE04D-4983-49F5-9557-202297F8859A}.Release|Any CPU.Build.0 = Release|Any CPU
		{81AEE04D-4983-49F5-9557-202297F8859A}.Release|Any CPU.Deploy.0 = Release|Any CPU
		{81AEE04D-4983-49F5-9557-202297F8859A}.Release|iPhone.ActiveCfg = Release|Any CPU
		{81AEE04D-4983-49F5-9557-202297F8859A}.Release|iPhone.Build.0 = Release|Any CPU
		{81AEE04D-4983-49F5-9557-202297F8859A}.Release|iPhone.Deploy.0 = Release|Any CPU
		{81AEE04D-4983-49F5-9557-202297F8859A}.Release|iPhoneSimulator.ActiveCfg = Release|Any CPU
		{81AEE04D-4983-49F5-9557-202297F8859A}.Release|iPhoneSimulator.Build.0 = Release|Any CPU
		{81AEE04D-4983-49F5-9557-202297F8859A}.Release|iPhoneSimulator.Deploy.0 = Release|Any CPU
	EndGlobalSection
	GlobalSection(SolutionProperties) = preSolution
		HideSolutionNode = FALSE
	EndGlobalSection
	GlobalSection(ExtensibilityGlobals) = postSolution
		SolutionGuid = {80DE1AFC-B3B3-4DFA-97C6-5069C1F91FF9}
	EndGlobalSection
EndGlobal
